
Microsoft Visual Studio Solution File, Format Version 12.00
# Visual Studio Version 17
VisualStudioVersion = 17.0.31903.59
MinimumVisualStudioVersion = 10.0.40219.1
Project("{2150E333-8FDC-42A3-9474-1A3956D46DE8}") = "Shared", "Shared", "{4F52FD11-658E-A102-6CD3-7D7C16FFA15B}"
EndProject
Project("{FAE04EC0-301F-11D3-BF4B-00C04F79EFBC}") = "HarnessSpy.Core", "Shared\HarnessSpy.Core\HarnessSpy.Core.csproj", "{1D064DED-EC52-481D-BF73-C8A98F07A927}"
EndProject
Project("{FAE04EC0-301F-11D3-BF4B-00C04F79EFBC}") = "HarnessSpy.Agent.Abstractions", "Shared\HarnessSpy.Agent.Abstractions\HarnessSpy.Agent.Abstractions.csproj", "{38BA35DF-E936-448B-8CC4-7530B2EC5AB2}"
EndProject
Project("{FAE04EC0-301F-11D3-BF4B-00C04F79EFBC}") = "HarnessSpy.Wpf", "Shared\HarnessSpy.Wpf\HarnessSpy.Wpf.csproj", "{7C39A490-AA7E-4656-AFA7-180ADB016C27}"
EndProject
Project("{2150E333-8FDC-42A3-9474-1A3956D46DE8}") = "Apps", "Apps", "{1787FE1D-075E-9E68-7218-25F1BD1BBEAB}"
EndProject
Project("{FAE04EC0-301F-11D3-BF4B-00C04F79EFBC}") = "CursorSpy.App", "Apps\CursorSpy.App\CursorSpy.App.csproj", "{25C5F1D9-223F-4E65-A9F8-1F8933BD9D70}"
EndProject
Project("{FAE04EC0-301F-11D3-BF4B-00C04F79EFBC}") = "ClaudeSpy.App", "Apps\ClaudeSpy.App\ClaudeSpy.App.csproj", "{FB55850C-EA60-40AD-AE7D-F9A5F5A35F51}"
EndProject
Project("{FAE04EC0-301F-11D3-BF4B-00C04F79EFBC}") = "CopilotSpy.App", "Apps\CopilotSpy.App\CopilotSpy.App.csproj", "{242E99CB-AEE1-44E7-B49E-0CFE76D1CEFF}"
EndProject
Project("{2150E333-8FDC-42A3-9474-1A3956D46DE8}") = "Hooks", "Hooks", "{D49E2695-4417-5308-8D2E-966D1E6BE02F}"
EndProject
Project("{FAE04EC0-301F-11D3-BF4B-00C04F79EFBC}") = "CursorSpy.Hook", "Hooks\CursorSpy.Hook\CursorSpy.Hook.csproj", "{2D23AE2A-03A0-46B2-91A7-A05490722933}"
EndProject
Project("{FAE04EC0-301F-11D3-BF4B-00C04F79EFBC}") = "ClaudeSpy.Hook", "Hooks\ClaudeSpy.Hook\ClaudeSpy.Hook.csproj", "{A67B4900-BCD8-4141-A1D8-155E6DFA1961}"
EndProject
Project("{FAE04EC0-301F-11D3-BF4B-00C04F79EFBC}") = "CopilotSpy.Hook", "Hooks\CopilotSpy.Hook\CopilotSpy.Hook.csproj", "{48462BDB-EEFF-4C09-8991-99C4B93C8A3E}"
EndProject
Project("{2150E333-8FDC-42A3-9474-1A3956D46DE8}") = "Tests", "Tests", "{0AB3BF05-4346-4AA6-1389-037BE0695223}"
EndProject
Project("{FAE04EC0-301F-11D3-BF4B-00C04F79EFBC}") = "HarnessSpy.Tests", "Tests\HarnessSpy.Tests\HarnessSpy.Tests.csproj", "{06F18B9B-7875-4A3E-8191-BDF3833219DD}"
EndProject
Global
	GlobalSection(SolutionConfigurationPlatforms) = preSolution
		Debug|Any CPU = Debug|Any CPU
		Debug|x64 = Debug|x64
		Debug|x86 = Debug|x86
		Release|Any CPU = Release|Any CPU
		Release|x64 = Release|x64
		Release|x86 = Release|x86
	EndGlobalSection
	GlobalSection(ProjectConfigurationPlatforms) = postSolution
		{1D064DED-EC52-481D-BF73-C8A98F07A927}.Debug|Any CPU.ActiveCfg = Debug|Any CPU
		{1D064DED-EC52-481D-BF73-C8A98F07A927}.Debug|Any CPU.Build.0 = Debug|Any CPU
		{1D064DED-EC52-481D-BF73-C8A98F07A927}.Debug|x64.ActiveCfg = Debug|Any CPU
		{1D064DED-EC52-481D-BF73-C8A98F07A927}.Debug|x64.Build.0 = Debug|Any CPU
		{1D064DED-EC52-481D-BF73-C8A98F07A927}.Debug|x86.ActiveCfg = Debug|Any CPU
		{1D064DED-EC52-481D-BF73-C8A98F07A927}.Debug|x86.Build.0 = Debug|Any CPU
		{1D064DED-EC52-481D-BF73-C8A98F07A927}.Release|Any CPU.ActiveCfg = Release|Any CPU
		{1D064DED-EC52-481D-BF73-C8A98F07A927}.Release|Any CPU.Build.0 = Release|Any CPU
		{1D064DED-EC52-481D-BF73-C8A98F07A927}.Release|x64.ActiveCfg = Release|Any CPU
		{1D064DED-EC52-481D-BF73-C8A98F07A927}.Release|x64.Build.0 = Release|Any CPU
		{1D064DED-EC52-481D-BF73-C8A98F07A927}.Release|x86.ActiveCfg = Release|Any CPU
		{1D064DED-EC52-481D-BF73-C8A98F07A927}.Release|x86.Build.0 = Release|Any CPU
		{38BA35DF-E936-448B-8CC4-7530B2EC5AB2}.Debug|Any CPU.ActiveCfg = Debug|Any CPU
		{38BA35DF-E936-448B-8CC4-7530B2EC5AB2}.Debug|Any CPU.Build.0 = Debug|Any CPU
		{38BA35DF-E936-448B-8CC4-7530B2EC5AB2}.Debug|x64.ActiveCfg = Debug|Any CPU
		{38BA35DF-E936-448B-8CC4-7530B2EC5AB2}.Debug|x64.Build.0 = Debug|Any CPU
		{38BA35DF-E936-448B-8CC4-7530B2EC5AB2}.Debug|x86.ActiveCfg = Debug|Any CPU
		{38BA35DF-E936-448B-8CC4-7530B2EC5AB2}.Debug|x86.Build.0 = Debug|Any CPU
		{38BA35DF-E936-448B-8CC4-7530B2EC5AB2}.Release|Any CPU.ActiveCfg = Release|Any CPU
		{38BA35DF-E936-448B-8CC4-7530B2EC5AB2}.Release|Any CPU.Build.0 = Release|Any CPU
		{38BA35DF-E936-448B-8CC4-7530B2EC5AB2}.Release|x64.ActiveCfg = Release|Any CPU
		{38BA35DF-E936-448B-8CC4-7530B2EC5AB2}.Release|x64.Build.0 = Release|Any CPU
		{38BA35DF-E936-448B-8CC4-7530B2EC5AB2}.Release|x86.ActiveCfg = Release|Any CPU
		{38BA35DF-E936-448B-8CC4-7530B2EC5AB2}.Release|x86.Build.0 = Release|Any CPU
		{7C39A490-AA7E-4656-AFA7-180ADB016C27}.Debug|Any CPU.ActiveCfg = Debug|Any CPU
		{7C39A490-AA7E-4656-AFA7-180ADB016C27}.Debug|Any CPU.Build.0 = Debug|Any CPU
		{7C39A490-AA7E-4656-AFA7-180ADB016C27}.Debug|x64.ActiveCfg = Debug|Any CPU
		{7C39A490-AA7E-4656-AFA7-180ADB016C27}.Debug|x64.Build.0 = Debug|Any CPU
		{7C39A490-AA7E-4656-AFA7-180ADB016C27}.Debug|x86.ActiveCfg = Debug|Any CPU
		{7C39A490-AA7E-4656-AFA7-180ADB016C27}.Debug|x86.Build.0 = Debug|Any CPU
		{7C39A490-AA7E-4656-AFA7-180ADB016C27}.Release|Any CPU.ActiveCfg = Release|Any CPU
		{7C39A490-AA7E-4656-AFA7-180ADB016C27}.Release|Any CPU.Build.0 = Release|Any CPU
		{7C39A490-AA7E-4656-AFA7-180ADB016C27}.Release|x64.ActiveCfg = Release|Any CPU
		{7C39A490-AA7E-4656-AFA7-180ADB016C27}.Release|x64.Build.0 = Release|Any CPU
		{7C39A490-AA7E-4656-AFA7-180ADB016C27}.Release|x86.ActiveCfg = Release|Any CPU
		{7C39A490-AA7E-4656-AFA7-180ADB016C27}.Release|x86.Build.0 = Release|Any CPU
		{25C5F1D9-223F-4E65-A9F8-1F8933BD9D70}.Debug|Any CPU.ActiveCfg = Debug|Any CPU
		{25C5F1D9-223F-4E65-A9F8-1F8933BD9D70}.Debug|Any CPU.Build.0 = Debug|Any CPU
		{25C5F1D9-223F-4E65-A9F8-1F8933BD9D70}.Debug|x64.ActiveCfg = Debug|Any CPU
		{25C5F1D9-223F-4E65-A9F8-1F8933BD9D70}.Debug|x64.Build.0 = Debug|Any CPU
		{25C5F1D9-223F-4E65-A9F8-1F8933BD9D70}.Debug|x86.ActiveCfg = Debug|Any CPU
		{25C5F1D9-223F-4E65-A9F8-1F8933BD9D70}.Debug|x86.Build.0 = Debug|Any CPU
		{25C5F1D9-223F-4E65-A9F8-1F8933BD9D70}.Release|Any CPU.ActiveCfg = Release|Any CPU
		{25C5F1D9-223F-4E65-A9F8-1F8933BD9D70}.Release|Any CPU.Build.0 = Release|Any CPU
		{25C5F1D9-223F-4E65-A9F8-1F8933BD9D70}.Release|x64.ActiveCfg = Release|Any CPU
		{25C5F1D9-223F-4E65-A9F8-1F8933BD9D70}.Release|x64.Build.0 = Release|Any CPU
		{25C5F1D9-223F-4E65-A9F8-1F8933BD9D70}.Release|x86.ActiveCfg = Release|Any CPU
		{25C5F1D9-223F-4E65-A9F8-1F8933BD9D70}.Release|x86.Build.0 = Release|Any CPU
		{FB55850C-EA60-40AD-AE7D-F9A5F5A35F51}.Debug|Any CPU.ActiveCfg = Debug|Any CPU
		{FB55850C-EA60-40AD-AE7D-F9A5F5A35F51}.Debug|Any CPU.Build.0 = Debug|Any CPU
		{FB55850C-EA60-40AD-AE7D-F9A5F5A35F51}.Debug|x64.ActiveCfg = Debug|Any CPU
		{FB55850C-EA60-40AD-AE7D-F9A5F5A35F51}.Debug|x64.Build.0 = Debug|Any CPU
		{FB55850C-EA60-40AD-AE7D-F9A5F5A35F51}.Debug|x86.ActiveCfg = Debug|Any CPU
		{FB55850C-EA60-40AD-AE7D-F9A5F5A35F51}.Debug|x86.Build.0 = Debug|Any CPU
		{FB55850C-EA60-40AD-AE7D-F9A5F5A35F51}.Release|Any CPU.ActiveCfg = Release|Any CPU
		{FB55850C-EA60-40AD-AE7D-F9A5F5A35F51}.Release|Any CPU.Build.0 = Release|Any CPU
		{FB55850C-EA60-40AD-AE7D-F9A5F5A35F51}.Release|x64.ActiveCfg = Release|Any CPU
		{FB55850C-EA60-40AD-AE7D-F9A5F5A35F51}.Release|x64.Build.0 = Release|Any CPU
		{FB55850C-EA60-40AD-AE7D-F9A5F5A35F51}.Release|x86.ActiveCfg = Release|Any CPU
		{FB55850C-EA60-40AD-AE7D-F9A5F5A35F51}.Release|x86.Build.0 = Release|Any CPU
		{242E99CB-AEE1-44E7-B49E-0CFE76D1CEFF}.Debug|Any CPU.ActiveCfg = Debug|Any CPU
		{242E99CB-AEE1-44E7-B49E-0CFE76D1CEFF}.Debug|Any CPU.Build.0 = Debug|Any CPU
		{242E99CB-AEE1-44E7-B49E-0CFE76D1CEFF}.Debug|x64.ActiveCfg = Debug|Any CPU
		{242E99CB-AEE1-44E7-B49E-0CFE76D1CEFF}.Debug|x64.Build.0 = Debug|Any CPU
		{242E99CB-AEE1-44E7-B49E-0CFE76D1CEFF}.Debug|x86.ActiveCfg = Debug|Any CPU
		{242E99CB-AEE1-44E7-B49E-0CFE76D1CEFF}.Debug|x86.Build.0 = Debug|Any CPU
		{242E99CB-AEE1-44E7-B49E-0CFE76D1CEFF}.Release|Any CPU.ActiveCfg = Release|Any CPU
		{242E99CB-AEE1-44E7-B49E-0CFE76D1CEFF}.Release|Any CPU.Build.0 = Release|Any CPU
		{242E99CB-AEE1-44E7-B49E-0CFE76D1CEFF}.Release|x64.ActiveCfg = Release|Any CPU
		{242E99CB-AEE1-44E7-B49E-0CFE76D1CEFF}.Release|x64.Build.0 = Release|Any CPU
		{242E99CB-AEE1-44E7-B49E-0CFE76D1CEFF}.Release|x86.ActiveCfg = Release|Any CPU
		{242E99CB-AEE1-44E7-B49E-0CFE76D1CEFF}.Release|x86.Build.0 = Release|Any CPU
		{2D23AE2A-03A0-46B2-91A7-A05490722933}.Debug|Any CPU.ActiveCfg = Debug|Any CPU
		{2D23AE2A-03A0-46B2-91A7-A05490722933}.Debug|Any CPU.Build.0 = Debug|Any CPU
		{2D23AE2A-03A0-46B2-91A7-A05490722933}.Debug|x64.ActiveCfg = Debug|Any CPU
		{2D23AE2A-03A0-46B2-91A7-A05490722933}.Debug|x64.Build.0 = Debug|Any CPU
		{2D23AE2A-03A0-46B2-91A7-A05490722933}.Debug|x86.ActiveCfg = Debug|Any CPU
		{2D23AE2A-03A0-46B2-91A7-A05490722933}.Debug|x86.Build.0 = Debug|Any CPU
		{2D23AE2A-03A0-46B2-91A7-A05490722933}.Release|Any CPU.ActiveCfg = Release|Any CPU
		{2D23AE2A-03A0-46B2-91A7-A05490722933}.Release|Any CPU.Build.0 = Release|Any CPU
		{2D23AE2A-03A0-46B2-91A7-A05490722933}.Release|x64.ActiveCfg = Release|Any CPU
		{2D23AE2A-03A0-46B2-91A7-A05490722933}.Release|x64.Build.0 = Release|Any CPU
		{2D23AE2A-03A0-46B2-91A7-A05490722933}.Release|x86.ActiveCfg = Release|Any CPU
		{2D23AE2A-03A0-46B2-91A7-A05490722933}.Release|x86.Build.0 = Release|Any CPU
		{A67B4900-BCD8-4141-A1D8-155E6DFA1961}.Debug|Any CPU.ActiveCfg = Debug|Any CPU
		{A67B4900-BCD8-4141-A1D8-155E6DFA1961}.Debug|Any CPU.Build.0 = Debug|Any CPU
		{A67B4900-BCD8-4141-A1D8-155E6DFA1961}.Debug|x64.ActiveCfg = Debug|Any CPU
		{A67B4900-BCD8-4141-A1D8-155E6DFA1961}.Debug|x64.Build.0 = Debug|Any CPU
		{A67B4900-BCD8-4141-A1D8-155E6DFA1961}.Debug|x86.ActiveCfg = Debug|Any CPU
		{A67B4900-BCD8-4141-A1D8-155E6DFA1961}.Debug|x86.Build.0 = Debug|Any CPU
		{A67B4900-BCD8-4141-A1D8-155E6DFA1961}.Release|Any CPU.ActiveCfg = Release|Any CPU
		{A67B4900-BCD8-4141-A1D8-155E6DFA1961}.Release|Any CPU.Build.0 = Release|Any CPU
		{A67B4900-BCD8-4141-A1D8-155E6DFA1961}.Release|x64.ActiveCfg = Release|Any CPU
		{A67B4900-BCD8-4141-A1D8-155E6DFA1961}.Release|x64.Build.0 = Release|Any CPU
		{A67B4900-BCD8-4141-A1D8-155E6DFA1961}.Release|x86.ActiveCfg = Release|Any CPU
		{A67B4900-BCD8-4141-A1D8-155E6DFA1961}.Release|x86.Build.0 = Release|Any CPU
		{48462BDB-EEFF-4C09-8991-99C4B93C8A3E}.Debug|Any CPU.ActiveCfg = Debug|Any CPU
		{48462BDB-EEFF-4C09-8991-99C4B93C8A3E}.Debug|Any CPU.Build.0 = Debug|Any CPU
		{48462BDB-EEFF-4C09-8991-99C4B93C8A3E}.Debug|x64.ActiveCfg = Debug|Any CPU
		{48462BDB-EEFF-4C09-8991-99C4B93C8A3E}.Debug|x64.Build.0 = Debug|Any CPU
		{48462BDB-EEFF-4C09-8991-99C4B93C8A3E}.Debug|x86.ActiveCfg = Debug|Any CPU
		{48462BDB-EEFF-4C09-8991-99C4B93C8A3E}.Debug|x86.Build.0 = Debug|Any CPU
		{48462BDB-EEFF-4C09-8991-99C4B93C8A3E}.Release|Any CPU.ActiveCfg = Release|Any CPU
		{48462BDB-EEFF-4C09-8991-99C4B93C8A3E}.Release|Any CPU.Build.0 = Release|Any CPU
		{48462BDB-EEFF-4C09-8991-99C4B93C8A3E}.Release|x64.ActiveCfg = Release|Any CPU
		{48462BDB-EEFF-4C09-8991-99C4B93C8A3E}.Release|x64.Build.0 = Release|Any CPU
		{48462BDB-EEFF-4C09-8991-99C4B93C8A3E}.Release|x86.ActiveCfg = Release|Any CPU
		{48462BDB-EEFF-4C09-8991-99C4B93C8A3E}.Release|x86.Build.0 = Release|Any CPU
		{06F18B9B-7875-4A3E-8191-BDF3833219DD}.Debug|Any CPU.ActiveCfg = Debug|Any CPU
		{06F18B9B-7875-4A3E-8191-BDF3833219DD}.Debug|Any CPU.Build.0 = Debug|Any CPU
		{06F18B9B-7875-4A3E-8191-BDF3833219DD}.Debug|x64.ActiveCfg = Debug|Any CPU
		{06F18B9B-7875-4A3E-8191-BDF3833219DD}.Debug|x64.Build.0 = Debug|Any CPU
		{06F18B9B-7875-4A3E-8191-BDF3833219DD}.Debug|x86.ActiveCfg = Debug|Any CPU
		{06F18B9B-7875-4A3E-8191-BDF3833219DD}.Debug|x86.Build.0 = Debug|Any CPU
		{06F18B9B-7875-4A3E-8191-BDF3833219DD}.Release|Any CPU.ActiveCfg = Release|Any CPU
		{06F18B9B-7875-4A3E-8191-BDF3833219DD}.Release|Any CPU.Build.0 = Release|Any CPU
		{06F18B9B-7875-4A3E-8191-BDF3833219DD}.Release|x64.ActiveCfg = Release|Any CPU
		{06F18B9B-7875-4A3E-8191-BDF3833219DD}.Release|x64.Build.0 = Release|Any CPU
		{06F18B9B-7875-4A3E-8191-BDF3833219DD}.Release|x86.ActiveCfg = Release|Any CPU
		{06F18B9B-7875-4A3E-8191-BDF3833219DD}.Release|x86.Build.0 = Release|Any CPU
	EndGlobalSection
	GlobalSection(SolutionProperties) = preSolution
		HideSolutionNode = FALSE
	EndGlobalSection
	GlobalSection(NestedProjects) = preSolution
		{1D064DED-EC52-481D-BF73-C8A98F07A927} = {4F52FD11-658E-A102-6CD3-7D7C16FFA15B}
		{38BA35DF-E936-448B-8CC4-7530B2EC5AB2} = {4F52FD11-658E-A102-6CD3-7D7C16FFA15B}
		{7C39A490-AA7E-4656-AFA7-180ADB016C27} = {4F52FD11-658E-A102-6CD3-7D7C16FFA15B}
		{25C5F1D9-223F-4E65-A9F8-1F8933BD9D70} = {1787FE1D-075E-9E68-7218-25F1BD1BBEAB}
		{FB55850C-EA60-40AD-AE7D-F9A5F5A35F51} = {1787FE1D-075E-9E68-7218-25F1BD1BBEAB}
		{242E99CB-AEE1-44E7-B49E-0CFE76D1CEFF} = {1787FE1D-075E-9E68-7218-25F1BD1BBEAB}
		{2D23AE2A-03A0-46B2-91A7-A05490722933} = {D49E2695-4417-5308-8D2E-966D1E6BE02F}
		{A67B4900-BCD8-4141-A1D8-155E6DFA1961} = {D49E2695-4417-5308-8D2E-966D1E6BE02F}
		{48462BDB-EEFF-4C09-8991-99C4B93C8A3E} = {D49E2695-4417-5308-8D2E-966D1E6BE02F}
		{06F18B9B-7875-4A3E-8191-BDF3833219DD} = {0AB3BF05-4346-4AA6-1389-037BE0695223}
	EndGlobalSection
EndGlobal
